
Microsoft Visual Studio Solution File, Format Version 12.00
# Visual Studio Version 17
VisualStudioVersion = 17.0.31919.166
MinimumVisualStudioVersion = 10.0.40219.1
Project("{FAE04EC0-301F-11D3-BF4B-00C04F79EFBC}") = "ConsoleAppLesson14", "ConsoleAppLesson14\ConsoleAppLesson14.csproj", "{47C57191-F097-4410-85BF-734F7F01520A}"
EndProject
Global
	GlobalSection(SolutionConfigurationPlatforms) = preSolution
		Debug|Any CPU = Debug|Any CPU
		Release|Any CPU = Release|Any CPU
	EndGlobalSection
	GlobalSection(ProjectConfigurationPlatforms) = postSolution
		{47C57191-F097-4410-85BF-734F7F01520A}.Debug|Any CPU.ActiveCfg = Debug|Any CPU
		{47C57191-F097-4410-85BF-734F7F01520A}.Debug|Any CPU.Build.0 = Debug|Any CPU
		{47C57191-F097-4410-85BF-734F7F01520A}.Release|Any CPU.ActiveCfg = Release|Any CPU
		{47C57191-F097-4410-85BF-734F7F01520A}.Release|Any CPU.Build.0 = Release|Any CPU
	EndGlobalSection
	GlobalSection(SolutionProperties) = preSolution
		HideSolutionNode = FALSE
	EndGlobalSection
	GlobalSection(ExtensibilityGlobals) = postSolution
		SolutionGuid = {1317C936-2C33-477F-803F-B37896FB6E44}
	EndGlobalSection
EndGlobal
